
Microsoft Visual Studio Solution File, Format Version 12.00
# Visual Studio Version 17
VisualStudioVersion = 17.11.35222.181
MinimumVisualStudioVersion = 10.0.40219.1
Project("{FAE04EC0-301F-11D3-BF4B-00C04F79EFBC}") = "PGHrmlReport", "PGHrmlReport.csproj", "{6B729C40-E6DC-4C5A-9089-44D67AEB86DC}"
EndProject
Global
	GlobalSection(SolutionConfigurationPlatforms) = preSolution
		Debug|Any CPU = Debug|Any CPU
		Release|Any CPU = Release|Any CPU
	EndGlobalSection
	GlobalSection(ProjectConfigurationPlatforms) = postSolution
		{6B729C40-E6DC-4C5A-9089-44D67AEB86DC}.Debug|Any CPU.ActiveCfg = Debug|Any CPU
		{6B729C40-E6DC-4C5A-9089-44D67AEB86DC}.Debug|Any CPU.Build.0 = Debug|Any CPU
		{6B729C40-E6DC-4C5A-9089-44D67AEB86DC}.Release|Any CPU.ActiveCfg = Release|Any CPU
		{6B729C40-E6DC-4C5A-9089-44D67AEB86DC}.Release|Any CPU.Build.0 = Release|Any CPU
	EndGlobalSection
	GlobalSection(SolutionProperties) = preSolution
		HideSolutionNode = FALSE
	EndGlobalSection
	GlobalSection(ExtensibilityGlobals) = postSolution
		SolutionGuid = {294BA00E-AC59-41F5-854A-4E59DB1B1936}
	EndGlobalSection
EndGlobal
